
Microsoft Visual Studio Solution File, Format Version 12.00
# Visual Studio Version 16
VisualStudioVersion = 16.0.29411.108
MinimumVisualStudioVersion = 10.0.40219.1
Project("{FAE04EC0-301F-11D3-BF4B-00C04F79EFBC}") = "DemoEyasu1", "DemoEyasu1\DemoEyasu1.csproj", "{FBAF7891-23F6-4D59-9A37-7508CD7EA47A}"
EndProject
Global
	GlobalSection(SolutionConfigurationPlatforms) = preSolution
		Debug|Any CPU = Debug|Any CPU
		Release|Any CPU = Release|Any CPU
	EndGlobalSection
	GlobalSection(ProjectConfigurationPlatforms) = postSolution
		{FBAF7891-23F6-4D59-9A37-7508CD7EA47A}.Debug|Any CPU.ActiveCfg = Debug|Any CPU
		{FBAF7891-23F6-4D59-9A37-7508CD7EA47A}.Debug|Any CPU.Build.0 = Debug|Any CPU
		{FBAF7891-23F6-4D59-9A37-7508CD7EA47A}.Release|Any CPU.ActiveCfg = Release|Any CPU
		{FBAF7891-23F6-4D59-9A37-7508CD7EA47A}.Release|Any CPU.Build.0 = Release|Any CPU
	EndGlobalSection
	GlobalSection(SolutionProperties) = preSolution
		HideSolutionNode = FALSE
	EndGlobalSection
	GlobalSection(ExtensibilityGlobals) = postSolution
		SolutionGuid = {F87E449C-D088-4744-B567-1379F6EEF15A}
	EndGlobalSection
EndGlobal
